
Microsoft Visual Studio Solution File, Format Version 12.00
# Visual Studio Version 16
VisualStudioVersion = 16.0.30413.136
MinimumVisualStudioVersion = 10.0.40219.1
Project("{FAE04EC0-301F-11D3-BF4B-00C04F79EFBC}") = "Demo.Android", "Demo\Demo.Android\Demo.Android.csproj", "{03FC0C1C-E868-42E8-ABAD-B10B89B90D8D}"
EndProject
Project("{FAE04EC0-301F-11D3-BF4B-00C04F79EFBC}") = "Demo.iOS", "Demo\Demo.iOS\Demo.iOS.csproj", "{86754C95-2EFA-44B0-B97B-062CB6117E1A}"
EndProject
Project("{FAE04EC0-301F-11D3-BF4B-00C04F79EFBC}") = "Demo", "Demo\Demo\Demo.csproj", "{C2CB5E00-AA83-43D1-B81B-1BF27AE2B869}"
EndProject
Global
	GlobalSection(SolutionConfigurationPlatforms) = preSolution
		Debug|Any CPU = Debug|Any CPU
		Debug|iPhone = Debug|iPhone
		Debug|iPhoneSimulator = Debug|iPhoneSimulator
		Release|Any CPU = Release|Any CPU
		Release|iPhone = Release|iPhone
		Release|iPhoneSimulator = Release|iPhoneSimulator
	EndGlobalSection
	GlobalSection(ProjectConfigurationPlatforms) = postSolution
		{03FC0C1C-E868-42E8-ABAD-B10B89B90D8D}.Debug|Any CPU.ActiveCfg = Debug|Any CPU
		{03FC0C1C-E868-42E8-ABAD-B10B89B90D8D}.Debug|Any CPU.Build.0 = Debug|Any CPU
		{03FC0C1C-E868-42E8-ABAD-B10B89B90D8D}.Debug|Any CPU.Deploy.0 = Debug|Any CPU
		{03FC0C1C-E868-42E8-ABAD-B10B89B90D8D}.Debug|iPhone.ActiveCfg = Debug|Any CPU
		{03FC0C1C-E868-42E8-ABAD-B10B89B90D8D}.Debug|iPhone.Build.0 = Debug|Any CPU
		{03FC0C1C-E868-42E8-ABAD-B10B89B90D8D}.Debug|iPhone.Deploy.0 = Debug|Any CPU
		{03FC0C1C-E868-42E8-ABAD-B10B89B90D8D}.Debug|iPhoneSimulator.ActiveCfg = Debug|Any CPU
		{03FC0C1C-E868-42E8-ABAD-B10B89B90D8D}.Debug|iPhoneSimulator.Build.0 = Debug|Any CPU
		{03FC0C1C-E868-42E8-ABAD-B10B89B90D8D}.Debug|iPhoneSimulator.Deploy.0 = Debug|Any CPU
		{03FC0C1C-E868-42E8-ABAD-B10B89B90D8D}.Release|Any CPU.ActiveCfg = Release|Any CPU
		{03FC0C1C-E868-42E8-ABAD-B10B89B90D8D}.Release|Any CPU.Build.0 = Release|Any CPU
		{03FC0C1C-E868-42E8-ABAD-B10B89B90D8D}.Release|Any CPU.Deploy.0 = Release|Any CPU
		{03FC0C1C-E868-42E8-ABAD-B10B89B90D8D}.Release|iPhone.ActiveCfg = Release|Any CPU
		{03FC0C1C-E868-42E8-ABAD-B10B89B90D8D}.Release|iPhone.Build.0 = Release|Any CPU
		{03FC0C1C-E868-42E8-ABAD-B10B89B90D8D}.Release|iPhone.Deploy.0 = Release|Any CPU
		{03FC0C1C-E868-42E8-ABAD-B10B89B90D8D}.Release|iPhoneSimulator.ActiveCfg = Release|Any CPU
		{03FC0C1C-E868-42E8-ABAD-B10B89B90D8D}.Release|iPhoneSimulator.Build.0 = Release|Any CPU
		{03FC0C1C-E868-42E8-ABAD-B10B89B90D8D}.Release|iPhoneSimulator.Deploy.0 = Release|Any CPU
		{86754C95-2EFA-44B0-B97B-062CB6117E1A}.Debug|Any CPU.ActiveCfg = Debug|iPhone
		{86754C95-2EFA-44B0-B97B-062CB6117E1A}.Debug|Any CPU.Build.0 = Debug|iPhone
		{86754C95-2EFA-44B0-B97B-062CB6117E1A}.Debug|Any CPU.Deploy.0 = Debug|iPhone
		{86754C95-2EFA-44B0-B97B-062CB6117E1A}.Debug|iPhone.ActiveCfg = Debug|iPhone
		{86754C95-2EFA-44B0-B97B-062CB6117E1A}.Debug|iPhone.Build.0 = Debug|iPhone
		{86754C95-2EFA-44B0-B97B-062CB6117E1A}.Debug|iPhone.Deploy.0 = Debug|iPhone
		{86754C95-2EFA-44B0-B97B-062CB6117E1A}.Debug|iPhoneSimulator.ActiveCfg = Debug|iPhoneSimulator
		{86754C95-2EFA-44B0-B97B-062CB6117E1A}.Debug|iPhoneSimulator.Build.0 = Debug|iPhoneSimulator
		{86754C95-2EFA-44B0-B97B-062CB6117E1A}.Debug|iPhoneSimulator.Deploy.0 = Debug|iPhoneSimulator
		{86754C95-2EFA-44B0-B97B-062CB6117E1A}.Release|Any CPU.ActiveCfg = Release|iPhone
		{86754C95-2EFA-44B0-B97B-062CB6117E1A}.Release|Any CPU.Build.0 = Release|iPhone
		{86754C95-2EFA-44B0-B97B-062CB6117E1A}.Release|Any CPU.Deploy.0 = Release|iPhone
		{86754C95-2EFA-44B0-B97B-062CB6117E1A}.Release|iPhone.ActiveCfg = Release|iPhone
		{86754C95-2EFA-44B0-B97B-062CB6117E1A}.Release|iPhone.Build.0 = Release|iPhone
		{86754C95-2EFA-44B0-B97B-062CB6117E1A}.Release|iPhone.Deploy.0 = Release|iPhone
		{86754C95-2EFA-44B0-B97B-062CB6117E1A}.Release|iPhoneSimulator.ActiveCfg = Release|iPhoneSimulator
		{86754C95-2EFA-44B0-B97B-062CB6117E1A}.Release|iPhoneSimulator.Build.0 = Release|iPhoneSimulator
		{86754C95-2EFA-44B0-B97B-062CB6117E1A}.Release|iPhoneSimulator.Deploy.0 = Release|iPhoneSimulator
		{C2CB5E00-AA83-43D1-B81B-1BF27AE2B869}.Debug|Any CPU.ActiveCfg = Debug|Any CPU
		{C2CB5E00-AA83-43D1-B81B-1BF27AE2B869}.Debug|Any CPU.Build.0 = Debug|Any CPU
		{C2CB5E00-AA83-43D1-B81B-1BF27AE2B869}.Debug|Any CPU.Deploy.0 = Debug|Any CPU
		{C2CB5E00-AA83-43D1-B81B-1BF27AE2B869}.Debug|iPhone.ActiveCfg = Debug|Any CPU
		{C2CB5E00-AA83-43D1-B81B-1BF27AE2B869}.Debug|iPhone.Build.0 = Debug|Any CPU
		{C2CB5E00-AA83-43D1-B81B-1BF27AE2B869}.Debug|iPhone.Deploy.0 = Debug|Any CPU
		{C2CB5E00-AA83-43D1-B81B-1BF27AE2B869}.Debug|iPhoneSimulator.ActiveCfg = Debug|Any CPU
		{C2CB5E00-AA83-43D1-B81B-1BF27AE2B869}.Debug|iPhoneSimulator.Build.0 = Debug|Any CPU
		{C2CB5E00-AA83-43D1-B81B-1BF27AE2B869}.Debug|iPhoneSimulator.Deploy.0 = Debug|Any CPU
		{C2CB5E00-AA83-43D1-B81B-1BF27AE2B869}.Release|Any CPU.ActiveCfg = Release|Any CPU
		{C2CB5E00-AA83-43D1-B81B-1BF27AE2B869}.Release|Any CPU.Build.0 = Release|Any CPU
		{C2CB5E00-AA83-43D1-B81B-1BF27AE2B869}.Release|Any CPU.Deploy.0 = Release|Any CPU
		{C2CB5E00-AA83-43D1-B81B-1BF27AE2B869}.Release|iPhone.ActiveCfg = Release|Any CPU
		{C2CB5E00-AA83-43D1-B81B-1BF27AE2B869}.Release|iPhone.Build.0 = Release|Any CPU
		{C2CB5E00-AA83-43D1-B81B-1BF27AE2B869}.Release|iPhone.Deploy.0 = Release|Any CPU
		{C2CB5E00-AA83-43D1-B81B-1BF27AE2B869}.Release|iPhoneSimulator.ActiveCfg = Release|Any CPU
		{C2CB5E00-AA83-43D1-B81B-1BF27AE2B869}.Release|iPhoneSimulator.Build.0 = Release|Any CPU
		{C2CB5E00-AA83-43D1-B81B-1BF27AE2B869}.Release|iPhoneSimulator.Deploy.0 = Release|Any CPU
	EndGlobalSection
	GlobalSection(SolutionProperties) = preSolution
		HideSolutionNode = FALSE
	EndGlobalSection
	GlobalSection(ExtensibilityGlobals) = postSolution
		SolutionGuid = {F6CD2B6A-9E76-435F-AD7A-D817541ED517}
	EndGlobalSection
EndGlobal
